
Microsoft Visual Studio Solution File, Format Version 12.00
# Visual Studio Version 16
VisualStudioVersion = 16.0.31205.134
MinimumVisualStudioVersion = 10.0.40219.1
Project("{9A19103F-16F7-4668-BE54-9A1E7A4F7556}") = "DoctorAndPatient", "DoctorAndPatient\DoctorAndPatient.csproj", "{9A0669C9-C43A-4813-BFAB-B1B60A855312}"
EndProject
Project("{FAE04EC0-301F-11D3-BF4B-00C04F79EFBC}") = "DoctorAndPatient.Data", "DoctorAndPatient.Data\DoctorAndPatient.Data.csproj", "{B9C79DDE-6C92-419F-8374-00C523ED9F0F}"
EndProject
Project("{FAE04EC0-301F-11D3-BF4B-00C04F79EFBC}") = "DoctorAndPatient.Chember", "DoctorAndPatient.Chember\DoctorAndPatient.Chember.csproj", "{97363177-4676-41E6-9506-223D0E30F7EB}"
EndProject
Project("{FAE04EC0-301F-11D3-BF4B-00C04F79EFBC}") = "DoctorAndPatient.Common", "DoctorAndPatient.Common\DoctorAndPatient.Common.csproj", "{22616958-B12C-416E-AA53-378A46B39EA7}"
EndProject
Global
	GlobalSection(SolutionConfigurationPlatforms) = preSolution
		Debug|Any CPU = Debug|Any CPU
		Release|Any CPU = Release|Any CPU
	EndGlobalSection
	GlobalSection(ProjectConfigurationPlatforms) = postSolution
		{9A0669C9-C43A-4813-BFAB-B1B60A855312}.Debug|Any CPU.ActiveCfg = Debug|Any CPU
		{9A0669C9-C43A-4813-BFAB-B1B60A855312}.Debug|Any CPU.Build.0 = Debug|Any CPU
		{9A0669C9-C43A-4813-BFAB-B1B60A855312}.Release|Any CPU.ActiveCfg = Release|Any CPU
		{9A0669C9-C43A-4813-BFAB-B1B60A855312}.Release|Any CPU.Build.0 = Release|Any CPU
		{B9C79DDE-6C92-419F-8374-00C523ED9F0F}.Debug|Any CPU.ActiveCfg = Debug|Any CPU
		{B9C79DDE-6C92-419F-8374-00C523ED9F0F}.Debug|Any CPU.Build.0 = Debug|Any CPU
		{B9C79DDE-6C92-419F-8374-00C523ED9F0F}.Release|Any CPU.ActiveCfg = Release|Any CPU
		{B9C79DDE-6C92-419F-8374-00C523ED9F0F}.Release|Any CPU.Build.0 = Release|Any CPU
		{97363177-4676-41E6-9506-223D0E30F7EB}.Debug|Any CPU.ActiveCfg = Debug|Any CPU
		{97363177-4676-41E6-9506-223D0E30F7EB}.Debug|Any CPU.Build.0 = Debug|Any CPU
		{97363177-4676-41E6-9506-223D0E30F7EB}.Release|Any CPU.ActiveCfg = Release|Any CPU
		{97363177-4676-41E6-9506-223D0E30F7EB}.Release|Any CPU.Build.0 = Release|Any CPU
		{22616958-B12C-416E-AA53-378A46B39EA7}.Debug|Any CPU.ActiveCfg = Debug|Any CPU
		{22616958-B12C-416E-AA53-378A46B39EA7}.Debug|Any CPU.Build.0 = Debug|Any CPU
		{22616958-B12C-416E-AA53-378A46B39EA7}.Release|Any CPU.ActiveCfg = Release|Any CPU
		{22616958-B12C-416E-AA53-378A46B39EA7}.Release|Any CPU.Build.0 = Release|Any CPU
	EndGlobalSection
	GlobalSection(SolutionProperties) = preSolution
		HideSolutionNode = FALSE
	EndGlobalSection
	GlobalSection(ExtensibilityGlobals) = postSolution
		SolutionGuid = {809C4E2B-8D0D-40A5-BB97-C1CEC9119793}
	EndGlobalSection
EndGlobal
