
Microsoft Visual Studio Solution File, Format Version 12.00
# Visual Studio Version 16
VisualStudioVersion = 16.0.31205.134
MinimumVisualStudioVersion = 10.0.40219.1
Project("{FAE04EC0-301F-11D3-BF4B-00C04F79EFBC}") = "Task-1", "Task-1\Task-1.csproj", "{CCFFEEDB-16AE-4C6A-86F8-11820D76A613}"
EndProject
Global
	GlobalSection(SolutionConfigurationPlatforms) = preSolution
		Debug|Any CPU = Debug|Any CPU
		Release|Any CPU = Release|Any CPU
	EndGlobalSection
	GlobalSection(ProjectConfigurationPlatforms) = postSolution
		{CCFFEEDB-16AE-4C6A-86F8-11820D76A613}.Debug|Any CPU.ActiveCfg = Debug|Any CPU
		{CCFFEEDB-16AE-4C6A-86F8-11820D76A613}.Debug|Any CPU.Build.0 = Debug|Any CPU
		{CCFFEEDB-16AE-4C6A-86F8-11820D76A613}.Release|Any CPU.ActiveCfg = Release|Any CPU
		{CCFFEEDB-16AE-4C6A-86F8-11820D76A613}.Release|Any CPU.Build.0 = Release|Any CPU
	EndGlobalSection
	GlobalSection(SolutionProperties) = preSolution
		HideSolutionNode = FALSE
	EndGlobalSection
	GlobalSection(ExtensibilityGlobals) = postSolution
		SolutionGuid = {003FDEC0-FC1A-45DB-925B-230612D7A1BE}
	EndGlobalSection
EndGlobal
