
Microsoft Visual Studio Solution File, Format Version 12.00
# Visual Studio Version 16
VisualStudioVersion = 16.0.31205.134
MinimumVisualStudioVersion = 10.0.40219.1
Project("{FAE04EC0-301F-11D3-BF4B-00C04F79EFBC}") = "ClassAndStudent", "ClassAndStudent\ClassAndStudent.csproj", "{6127BE43-FC5F-46E1-BFE6-7710CCB90AB2}"
EndProject
Project("{FAE04EC0-301F-11D3-BF4B-00C04F79EFBC}") = "ClassAndStudent.data", "ClassAndStudent.data\ClassAndStudent.data.csproj", "{6964D56B-85BA-4B21-862D-2CB379BBE2DF}"
EndProject
Project("{FAE04EC0-301F-11D3-BF4B-00C04F79EFBC}") = "ClassAndStudent.School", "ClassAndStudent.School\ClassAndStudent.School.csproj", "{BF4D69DE-D828-4BCA-8204-E9FB32503D1E}"
EndProject
Project("{FAE04EC0-301F-11D3-BF4B-00C04F79EFBC}") = "ClassAndStudent.Common", "ClassAndStudent.Common\ClassAndStudent.Common.csproj", "{1CBEBB1B-076B-4C5F-B128-DB598EEA78BF}"
EndProject
Global
	GlobalSection(SolutionConfigurationPlatforms) = preSolution
		Debug|Any CPU = Debug|Any CPU
		Release|Any CPU = Release|Any CPU
	EndGlobalSection
	GlobalSection(ProjectConfigurationPlatforms) = postSolution
		{6127BE43-FC5F-46E1-BFE6-7710CCB90AB2}.Debug|Any CPU.ActiveCfg = Debug|Any CPU
		{6127BE43-FC5F-46E1-BFE6-7710CCB90AB2}.Debug|Any CPU.Build.0 = Debug|Any CPU
		{6127BE43-FC5F-46E1-BFE6-7710CCB90AB2}.Release|Any CPU.ActiveCfg = Release|Any CPU
		{6127BE43-FC5F-46E1-BFE6-7710CCB90AB2}.Release|Any CPU.Build.0 = Release|Any CPU
		{6964D56B-85BA-4B21-862D-2CB379BBE2DF}.Debug|Any CPU.ActiveCfg = Debug|Any CPU
		{6964D56B-85BA-4B21-862D-2CB379BBE2DF}.Debug|Any CPU.Build.0 = Debug|Any CPU
		{6964D56B-85BA-4B21-862D-2CB379BBE2DF}.Release|Any CPU.ActiveCfg = Release|Any CPU
		{6964D56B-85BA-4B21-862D-2CB379BBE2DF}.Release|Any CPU.Build.0 = Release|Any CPU
		{BF4D69DE-D828-4BCA-8204-E9FB32503D1E}.Debug|Any CPU.ActiveCfg = Debug|Any CPU
		{BF4D69DE-D828-4BCA-8204-E9FB32503D1E}.Debug|Any CPU.Build.0 = Debug|Any CPU
		{BF4D69DE-D828-4BCA-8204-E9FB32503D1E}.Release|Any CPU.ActiveCfg = Release|Any CPU
		{BF4D69DE-D828-4BCA-8204-E9FB32503D1E}.Release|Any CPU.Build.0 = Release|Any CPU
		{1CBEBB1B-076B-4C5F-B128-DB598EEA78BF}.Debug|Any CPU.ActiveCfg = Debug|Any CPU
		{1CBEBB1B-076B-4C5F-B128-DB598EEA78BF}.Debug|Any CPU.Build.0 = Debug|Any CPU
		{1CBEBB1B-076B-4C5F-B128-DB598EEA78BF}.Release|Any CPU.ActiveCfg = Release|Any CPU
		{1CBEBB1B-076B-4C5F-B128-DB598EEA78BF}.Release|Any CPU.Build.0 = Release|Any CPU
	EndGlobalSection
	GlobalSection(SolutionProperties) = preSolution
		HideSolutionNode = FALSE
	EndGlobalSection
	GlobalSection(ExtensibilityGlobals) = postSolution
		SolutionGuid = {DB78093F-5259-48F8-A0FE-154A6F63D17C}
	EndGlobalSection
EndGlobal
