
Microsoft Visual Studio Solution File, Format Version 12.00
# Visual Studio Version 16
VisualStudioVersion = 16.0.31205.134
MinimumVisualStudioVersion = 10.0.40219.1
Project("{9A19103F-16F7-4668-BE54-9A1E7A4F7556}") = "InventorySystem", "InventorySystem\InventorySystem.csproj", "{7F41E5B1-21EF-4233-A1B4-92E85824B961}"
EndProject
Project("{9A19103F-16F7-4668-BE54-9A1E7A4F7556}") = "InventorySystem.Data", "InventorySystem.Data\InventorySystem.Data.csproj", "{234647F5-8FF7-46DB-88B4-9F13909C67AC}"
EndProject
Project("{9A19103F-16F7-4668-BE54-9A1E7A4F7556}") = "InventorySystem.Store", "InventorySystem.Store\InventorySystem.Store.csproj", "{16F9C365-840E-4298-8443-B56C2CBC210D}"
EndProject
Project("{FAE04EC0-301F-11D3-BF4B-00C04F79EFBC}") = "InventorySystem.Common", "InventorySystem.Common\InventorySystem.Common.csproj", "{3658B182-F0B5-4766-ABB6-7BE4B751F85D}"
EndProject
Global
	GlobalSection(SolutionConfigurationPlatforms) = preSolution
		Debug|Any CPU = Debug|Any CPU
		Release|Any CPU = Release|Any CPU
	EndGlobalSection
	GlobalSection(ProjectConfigurationPlatforms) = postSolution
		{7F41E5B1-21EF-4233-A1B4-92E85824B961}.Debug|Any CPU.ActiveCfg = Debug|Any CPU
		{7F41E5B1-21EF-4233-A1B4-92E85824B961}.Debug|Any CPU.Build.0 = Debug|Any CPU
		{7F41E5B1-21EF-4233-A1B4-92E85824B961}.Release|Any CPU.ActiveCfg = Release|Any CPU
		{7F41E5B1-21EF-4233-A1B4-92E85824B961}.Release|Any CPU.Build.0 = Release|Any CPU
		{234647F5-8FF7-46DB-88B4-9F13909C67AC}.Debug|Any CPU.ActiveCfg = Debug|Any CPU
		{234647F5-8FF7-46DB-88B4-9F13909C67AC}.Debug|Any CPU.Build.0 = Debug|Any CPU
		{234647F5-8FF7-46DB-88B4-9F13909C67AC}.Release|Any CPU.ActiveCfg = Release|Any CPU
		{234647F5-8FF7-46DB-88B4-9F13909C67AC}.Release|Any CPU.Build.0 = Release|Any CPU
		{16F9C365-840E-4298-8443-B56C2CBC210D}.Debug|Any CPU.ActiveCfg = Debug|Any CPU
		{16F9C365-840E-4298-8443-B56C2CBC210D}.Debug|Any CPU.Build.0 = Debug|Any CPU
		{16F9C365-840E-4298-8443-B56C2CBC210D}.Release|Any CPU.ActiveCfg = Release|Any CPU
		{16F9C365-840E-4298-8443-B56C2CBC210D}.Release|Any CPU.Build.0 = Release|Any CPU
		{3658B182-F0B5-4766-ABB6-7BE4B751F85D}.Debug|Any CPU.ActiveCfg = Debug|Any CPU
		{3658B182-F0B5-4766-ABB6-7BE4B751F85D}.Debug|Any CPU.Build.0 = Debug|Any CPU
		{3658B182-F0B5-4766-ABB6-7BE4B751F85D}.Release|Any CPU.ActiveCfg = Release|Any CPU
		{3658B182-F0B5-4766-ABB6-7BE4B751F85D}.Release|Any CPU.Build.0 = Release|Any CPU
	EndGlobalSection
	GlobalSection(SolutionProperties) = preSolution
		HideSolutionNode = FALSE
	EndGlobalSection
	GlobalSection(ExtensibilityGlobals) = postSolution
		SolutionGuid = {3AB15DB6-0EBC-4065-B99D-1E4FDB204818}
	EndGlobalSection
EndGlobal
