
Microsoft Visual Studio Solution File, Format Version 12.00
# Visual Studio Version 16
VisualStudioVersion = 16.0.31205.134
MinimumVisualStudioVersion = 10.0.40219.1
Project("{9A19103F-16F7-4668-BE54-9A1E7A4F7556}") = "LINQ", "LINQ\LINQ.csproj", "{570C7598-0AB5-4FBC-8050-9C89BC3D8B4E}"
EndProject
Project("{9A19103F-16F7-4668-BE54-9A1E7A4F7556}") = "task-4", "task-4\task-4.csproj", "{C6DADC0C-7035-44FC-AD83-1FCCE30F62F5}"
EndProject
Project("{FAE04EC0-301F-11D3-BF4B-00C04F79EFBC}") = "practice", "practice\practice.csproj", "{7515712A-C3DE-40B1-9733-C9B5AB048BBE}"
EndProject
Project("{FAE04EC0-301F-11D3-BF4B-00C04F79EFBC}") = "ConsoleApp1", "ConsoleApp1\ConsoleApp1.csproj", "{D3612ED4-D2C4-4DE9-82E5-601D9D7555DF}"
EndProject
Global
	GlobalSection(SolutionConfigurationPlatforms) = preSolution
		Debug|Any CPU = Debug|Any CPU
		Release|Any CPU = Release|Any CPU
	EndGlobalSection
	GlobalSection(ProjectConfigurationPlatforms) = postSolution
		{570C7598-0AB5-4FBC-8050-9C89BC3D8B4E}.Debug|Any CPU.ActiveCfg = Debug|Any CPU
		{570C7598-0AB5-4FBC-8050-9C89BC3D8B4E}.Debug|Any CPU.Build.0 = Debug|Any CPU
		{570C7598-0AB5-4FBC-8050-9C89BC3D8B4E}.Release|Any CPU.ActiveCfg = Release|Any CPU
		{570C7598-0AB5-4FBC-8050-9C89BC3D8B4E}.Release|Any CPU.Build.0 = Release|Any CPU
		{C6DADC0C-7035-44FC-AD83-1FCCE30F62F5}.Debug|Any CPU.ActiveCfg = Debug|Any CPU
		{C6DADC0C-7035-44FC-AD83-1FCCE30F62F5}.Debug|Any CPU.Build.0 = Debug|Any CPU
		{C6DADC0C-7035-44FC-AD83-1FCCE30F62F5}.Release|Any CPU.ActiveCfg = Release|Any CPU
		{C6DADC0C-7035-44FC-AD83-1FCCE30F62F5}.Release|Any CPU.Build.0 = Release|Any CPU
		{7515712A-C3DE-40B1-9733-C9B5AB048BBE}.Debug|Any CPU.ActiveCfg = Debug|Any CPU
		{7515712A-C3DE-40B1-9733-C9B5AB048BBE}.Debug|Any CPU.Build.0 = Debug|Any CPU
		{7515712A-C3DE-40B1-9733-C9B5AB048BBE}.Release|Any CPU.ActiveCfg = Release|Any CPU
		{7515712A-C3DE-40B1-9733-C9B5AB048BBE}.Release|Any CPU.Build.0 = Release|Any CPU
		{D3612ED4-D2C4-4DE9-82E5-601D9D7555DF}.Debug|Any CPU.ActiveCfg = Debug|Any CPU
		{D3612ED4-D2C4-4DE9-82E5-601D9D7555DF}.Debug|Any CPU.Build.0 = Debug|Any CPU
		{D3612ED4-D2C4-4DE9-82E5-601D9D7555DF}.Release|Any CPU.ActiveCfg = Release|Any CPU
		{D3612ED4-D2C4-4DE9-82E5-601D9D7555DF}.Release|Any CPU.Build.0 = Release|Any CPU
	EndGlobalSection
	GlobalSection(SolutionProperties) = preSolution
		HideSolutionNode = FALSE
	EndGlobalSection
	GlobalSection(ExtensibilityGlobals) = postSolution
		SolutionGuid = {A9D1520D-4991-4827-B97C-FD26C9368E34}
	EndGlobalSection
EndGlobal
